
Microsoft Visual Studio Solution File, Format Version 12.00
# Visual Studio Version 17
VisualStudioVersion = 17.7.34221.43
MinimumVisualStudioVersion = 10.0.40219.1
Project("{8BC9CEB8-8B4A-11D0-8D11-00A0C91BC942}") = "AsproSolarShield", "AsproSolarShield.vcxitems", "{9535BEED-B5E0-4938-918B-1E43D90F0F85}"
EndProject
Global
	GlobalSection(SolutionProperties) = preSolution
		HideSolutionNode = FALSE
	EndGlobalSection
	GlobalSection(ExtensibilityGlobals) = postSolution
		SolutionGuid = {1E4DDD1A-FDE5-4CDF-B0BB-95C3C32347A2}
	EndGlobalSection
EndGlobal
